
Microsoft Visual Studio Solution File, Format Version 12.00
# Visual Studio 14
VisualStudioVersion = 14.0.23107.0
MinimumVisualStudioVersion = 10.0.40219.1
Project("{FAE04EC0-301F-11D3-BF4B-00C04F79EFBC}") = "InfoSecurityProject", "InfoSecurityProject\InfoSecurityProject.csproj", "{BD3BACC7-9B4B-462F-972E-7A9CB7FF1FC8}"
EndProject
Global
	GlobalSection(SolutionConfigurationPlatforms) = preSolution
		Debug|Any CPU = Debug|Any CPU
		Release|Any CPU = Release|Any CPU
	EndGlobalSection
	GlobalSection(ProjectConfigurationPlatforms) = postSolution
		{BD3BACC7-9B4B-462F-972E-7A9CB7FF1FC8}.Debug|Any CPU.ActiveCfg = Debug|Any CPU
		{BD3BACC7-9B4B-462F-972E-7A9CB7FF1FC8}.Debug|Any CPU.Build.0 = Debug|Any CPU
		{BD3BACC7-9B4B-462F-972E-7A9CB7FF1FC8}.Release|Any CPU.ActiveCfg = Release|Any CPU
		{BD3BACC7-9B4B-462F-972E-7A9CB7FF1FC8}.Release|Any CPU.Build.0 = Release|Any CPU
	EndGlobalSection
	GlobalSection(SolutionProperties) = preSolution
		HideSolutionNode = FALSE
	EndGlobalSection
EndGlobal
